// !$*UTF8*$!
{
	archiveVersion = 1;
	classes = {
	};
	objectVersion = 50;
	objects = {

/* Begin PBXBuildFile section */
		940F02F120DC714700D29894 /* play.png in Resources */ = {isa = PBXBuildFile; fileRef = 940F02F020DC714600D29894 /* play.png */; };
		940F02F320DC780900D29894 /* home.png in Resources */ = {isa = PBXBuildFile; fileRef = 940F02F220DC780900D29894 /* home.png */; };
		9416187620D58102002FBB2A /* AppDelegate.swift in Sources */ = {isa = PBXBuildFile; fileRef = 9416187520D58102002FBB2A /* AppDelegate.swift */; };
		9416187820D58102002FBB2A /* ViewController.swift in Sources */ = {isa = PBXBuildFile; fileRef = 9416187720D58102002FBB2A /* ViewController.swift */; };
		9416187B20D58102002FBB2A /* Main.storyboard in Resources */ = {isa = PBXBuildFile; fileRef = 9416187920D58102002FBB2A /* Main.storyboard */; };
		9416187D20D58103002FBB2A /* Assets.xcassets in Resources */ = {isa = PBXBuildFile; fileRef = 9416187C20D58103002FBB2A /* Assets.xcassets */; };
		9416188020D58103002FBB2A /* LaunchScreen.storyboard in Resources */ = {isa = PBXBuildFile; fileRef = 9416187E20D58103002FBB2A /* LaunchScreen.storyboard */; };
		9416188B20D58103002FBB2A /* Count_UpTests.swift in Sources */ = {isa = PBXBuildFile; fileRef = 9416188A20D58103002FBB2A /* Count_UpTests.swift */; };
		9416189620D58103002FBB2A /* Count_UpUITests.swift in Sources */ = {isa = PBXBuildFile; fileRef = 9416189520D58103002FBB2A /* Count_UpUITests.swift */; };
		941618A520D58972002FBB2A /* GameKit.framework in Frameworks */ = {isa = PBXBuildFile; fileRef = 941618A420D58972002FBB2A /* GameKit.framework */; };
		942C2DAA2103858300806EBD /* arrow.png in Resources */ = {isa = PBXBuildFile; fileRef = 942C2DA92103858300806EBD /* arrow.png */; };
		943553FD2102BB740077F905 /* points.mp3 in Resources */ = {isa = PBXBuildFile; fileRef = 943553FC2102BB740077F905 /* points.mp3 */; };
		94817B9D2102A60800020C56 /* count up theme.m4a in Resources */ = {isa = PBXBuildFile; fileRef = 94817B9C2102A60800020C56 /* count up theme.m4a */; };
		94817B9F2102A66000020C56 /* count up intro.m4a in Resources */ = {isa = PBXBuildFile; fileRef = 94817B9E2102A66000020C56 /* count up intro.m4a */; };
/* End PBXBuildFile section */

/* Begin PBXContainerItemProxy section */
		9416188720D58103002FBB2A /* PBXContainerItemProxy */ = {
			isa = PBXContainerItemProxy;
			containerPortal = 9416186A20D58102002FBB2A /* Project object */;
			proxyType = 1;
			remoteGlobalIDString = 9416187120D58102002FBB2A;
			remoteInfo = "Count Up";
		};
		9416189220D58103002FBB2A /* PBXContainerItemProxy */ = {
			isa = PBXContainerItemProxy;
			containerPortal = 9416186A20D58102002FBB2A /* Project object */;
			proxyType = 1;
			remoteGlobalIDString = 9416187120D58102002FBB2A;
			remoteInfo = "Count Up";
		};
/* End PBXContainerItemProxy section */

/* Begin PBXFileReference section */
		940F02F020DC714600D29894 /* play.png */ = {isa = PBXFileReference; lastKnownFileType = image.png; path = play.png; sourceTree = "<group>"; };
		940F02F220DC780900D29894 /* home.png */ = {isa = PBXFileReference; lastKnownFileType = image.png; path = home.png; sourceTree = SOURCE_ROOT; };
		9416187220D58102002FBB2A /* Count Up.app */ = {isa = PBXFileReference; explicitFileType = wrapper.application; includeInIndex = 0; path = "Count Up.app"; sourceTree = BUILT_PRODUCTS_DIR; };
		9416187520D58102002FBB2A /* AppDelegate.swift */ = {isa = PBXFileReference; lastKnownFileType = sourcecode.swift; path = AppDelegate.swift; sourceTree = "<group>"; };
		9416187720D58102002FBB2A /* ViewController.swift */ = {isa = PBXFileReference; lastKnownFileType = sourcecode.swift; path = ViewController.swift; sourceTree = "<group>"; };
		9416187A20D58102002FBB2A /* Base */ = {isa = PBXFileReference; lastKnownFileType = file.storyboard; name = Base; path = Base.lproj/Main.storyboard; sourceTree = "<group>"; };
		9416187C20D58103002FBB2A /* Assets.xcassets */ = {isa = PBXFileReference; lastKnownFileType = folder.assetcatalog; path = Assets.xcassets; sourceTree = "<group>"; };
		9416187F20D58103002FBB2A /* Base */ = {isa = PBXFileReference; lastKnownFileType = file.storyboard; name = Base; path = Base.lproj/LaunchScreen.storyboard; sourceTree = "<group>"; };
		9416188120D58103002FBB2A /* Info.plist */ = {isa = PBXFileReference; lastKnownFileType = text.plist.xml; path = Info.plist; sourceTree = "<group>"; };
		9416188620D58103002FBB2A /* Count UpTests.xctest */ = {isa = PBXFileReference; explicitFileType = wrapper.cfbundle; includeInIndex = 0; path = "Count UpTests.xctest"; sourceTree = BUILT_PRODUCTS_DIR; };
		9416188A20D58103002FBB2A /* Count_UpTests.swift */ = {isa = PBXFileReference; lastKnownFileType = sourcecode.swift; path = Count_UpTests.swift; sourceTree = "<group>"; };
		9416188C20D58103002FBB2A /* Info.plist */ = {isa = PBXFileReference; lastKnownFileType = text.plist.xml; path = Info.plist; sourceTree = "<group>"; };
		9416189120D58103002FBB2A /* Count UpUITests.xctest */ = {isa = PBXFileReference; explicitFileType = wrapper.cfbundle; includeInIndex = 0; path = "Count UpUITests.xctest"; sourceTree = BUILT_PRODUCTS_DIR; };
		9416189520D58103002FBB2A /* Count_UpUITests.swift */ = {isa = PBXFileReference; lastKnownFileType = sourcecode.swift; path = Count_UpUITests.swift; sourceTree = "<group>"; };
		9416189720D58103002FBB2A /* Info.plist */ = {isa = PBXFileReference; lastKnownFileType = text.plist.xml; path = Info.plist; sourceTree = "<group>"; };
		941618A420D58972002FBB2A /* GameKit.framework */ = {isa = PBXFileReference; lastKnownFileType = wrapper.framework; name = GameKit.framework; path = System/Library/Frameworks/GameKit.framework; sourceTree = SDKROOT; };
		942C2DA92103858300806EBD /* arrow.png */ = {isa = PBXFileReference; lastKnownFileType = image.png; path = arrow.png; sourceTree = SOURCE_ROOT; };
		943553FC2102BB740077F905 /* points.mp3 */ = {isa = PBXFileReference; lastKnownFileType = audio.mp3; path = points.mp3; sourceTree = "<group>"; };
		94817B9C2102A60800020C56 /* count up theme.m4a */ = {isa = PBXFileReference; lastKnownFileType = file; path = "count up theme.m4a"; sourceTree = "<group>"; };
		94817B9E2102A66000020C56 /* count up intro.m4a */ = {isa = PBXFileReference; lastKnownFileType = file; path = "count up intro.m4a"; sourceTree = "<group>"; };
/* End PBXFileReference section */

/* Begin PBXFrameworksBuildPhase section */
		9416186F20D58102002FBB2A /* Frameworks */ = {
			isa = PBXFrameworksBuildPhase;
			buildActionMask = 2147483647;
			files = (
				941618A520D58972002FBB2A /* GameKit.framework in Frameworks */,
			);
			runOnlyForDeploymentPostprocessing = 0;
		};
		9416188320D58103002FBB2A /* Frameworks */ = {
			isa = PBXFrameworksBuildPhase;
			buildActionMask = 2147483647;
			files = (
			);
			runOnlyForDeploymentPostprocessing = 0;
		};
		9416188E20D58103002FBB2A /* Frameworks */ = {
			isa = PBXFrameworksBuildPhase;
			buildActionMask = 2147483647;
			files = (
			);
			runOnlyForDeploymentPostprocessing = 0;
		};
/* End PBXFrameworksBuildPhase section */

/* Begin PBXGroup section */
		9416186920D58102002FBB2A = {
			isa = PBXGroup;
			children = (
				9416187420D58102002FBB2A /* Count Up */,
				9416188920D58103002FBB2A /* Count UpTests */,
				9416189420D58103002FBB2A /* Count UpUITests */,
				9416187320D58102002FBB2A /* Products */,
				941618A320D58972002FBB2A /* Frameworks */,
			);
			sourceTree = "<group>";
		};
		9416187320D58102002FBB2A /* Products */ = {
			isa = PBXGroup;
			children = (
				9416187220D58102002FBB2A /* Count Up.app */,
				9416188620D58103002FBB2A /* Count UpTests.xctest */,
				9416189120D58103002FBB2A /* Count UpUITests.xctest */,
			);
			name = Products;
			sourceTree = "<group>";
		};
		9416187420D58102002FBB2A /* Count Up */ = {
			isa = PBXGroup;
			children = (
				940F02F020DC714600D29894 /* play.png */,
				940F02F220DC780900D29894 /* home.png */,
				9416187520D58102002FBB2A /* AppDelegate.swift */,
				9416187720D58102002FBB2A /* ViewController.swift */,
				9416187920D58102002FBB2A /* Main.storyboard */,
				9416187C20D58103002FBB2A /* Assets.xcassets */,
				94817B972102A0EB00020C56 /* Music */,
				9416187E20D58103002FBB2A /* LaunchScreen.storyboard */,
				9416188120D58103002FBB2A /* Info.plist */,
			);
			path = "Count Up";
			sourceTree = "<group>";
		};
		9416188920D58103002FBB2A /* Count UpTests */ = {
			isa = PBXGroup;
			children = (
				9416188A20D58103002FBB2A /* Count_UpTests.swift */,
				9416188C20D58103002FBB2A /* Info.plist */,
			);
			path = "Count UpTests";
			sourceTree = "<group>";
		};
		9416189420D58103002FBB2A /* Count UpUITests */ = {
			isa = PBXGroup;
			children = (
				9416189520D58103002FBB2A /* Count_UpUITests.swift */,
				9416189720D58103002FBB2A /* Info.plist */,
			);
			path = "Count UpUITests";
			sourceTree = "<group>";
		};
		941618A320D58972002FBB2A /* Frameworks */ = {
			isa = PBXGroup;
			children = (
				941618A420D58972002FBB2A /* GameKit.framework */,
			);
			name = Frameworks;
			sourceTree = "<group>";
		};
		94817B972102A0EB00020C56 /* Music */ = {
			isa = PBXGroup;
			children = (
				942C2DA92103858300806EBD /* arrow.png */,
				943553FC2102BB740077F905 /* points.mp3 */,
				94817B9E2102A66000020C56 /* count up intro.m4a */,
				94817B9C2102A60800020C56 /* count up theme.m4a */,
			);
			path = Music;
			sourceTree = "<group>";
		};
/* End PBXGroup section */

/* Begin PBXNativeTarget section */
		9416187120D58102002FBB2A /* Count Up */ = {
			isa = PBXNativeTarget;
			buildConfigurationList = 9416189A20D58104002FBB2A /* Build configuration list for PBXNativeTarget "Count Up" */;
			buildPhases = (
				9416186E20D58102002FBB2A /* Sources */,
				9416186F20D58102002FBB2A /* Frameworks */,
				9416187020D58102002FBB2A /* Resources */,
			);
			buildRules = (
			);
			dependencies = (
			);
			name = "Count Up";
			productName = "Count Up";
			productReference = 9416187220D58102002FBB2A /* Count Up.app */;
			productType = "com.apple.product-type.application";
		};
		9416188520D58103002FBB2A /* Count UpTests */ = {
			isa = PBXNativeTarget;
			buildConfigurationList = 9416189D20D58104002FBB2A /* Build configuration list for PBXNativeTarget "Count UpTests" */;
			buildPhases = (
				9416188220D58103002FBB2A /* Sources */,
				9416188320D58103002FBB2A /* Frameworks */,
				9416188420D58103002FBB2A /* Resources */,
			);
			buildRules = (
			);
			dependencies = (
				9416188820D58103002FBB2A /* PBXTargetDependency */,
			);
			name = "Count UpTests";
			productName = "Count UpTests";
			productReference = 9416188620D58103002FBB2A /* Count UpTests.xctest */;
			productType = "com.apple.product-type.bundle.unit-test";
		};
		9416189020D58103002FBB2A /* Count UpUITests */ = {
			isa = PBXNativeTarget;
			buildConfigurationList = 941618A020D58104002FBB2A /* Build configuration list for PBXNativeTarget "Count UpUITests" */;
			buildPhases = (
				9416188D20D58103002FBB2A /* Sources */,
				9416188E20D58103002FBB2A /* Frameworks */,
				9416188F20D58103002FBB2A /* Resources */,
			);
			buildRules = (
			);
			dependencies = (
				9416189320D58103002FBB2A /* PBXTargetDependency */,
			);
			name = "Count UpUITests";
			productName = "Count UpUITests";
			productReference = 9416189120D58103002FBB2A /* Count UpUITests.xctest */;
			productType = "com.apple.product-type.bundle.ui-testing";
		};
/* End PBXNativeTarget section */

/* Begin PBXProject section */
		9416186A20D58102002FBB2A /* Project object */ = {
			isa = PBXProject;
			attributes = {
				LastSwiftUpdateCheck = 0940;
				LastUpgradeCheck = 0940;
				ORGANIZATIONNAME = Sethco;
				TargetAttributes = {
					9416187120D58102002FBB2A = {
						CreatedOnToolsVersion = 9.4.1;
						SystemCapabilities = {
							com.apple.GameCenter.iOS = {
								enabled = 1;
							};
						};
					};
					9416188520D58103002FBB2A = {
						CreatedOnToolsVersion = 9.4.1;
						TestTargetID = 9416187120D58102002FBB2A;
					};
					9416189020D58103002FBB2A = {
						CreatedOnToolsVersion = 9.4.1;
						TestTargetID = 9416187120D58102002FBB2A;
					};
				};
			};
			buildConfigurationList = 9416186D20D58102002FBB2A /* Build configuration list for PBXProject "Count Up" */;
			compatibilityVersion = "Xcode 9.3";
			developmentRegion = en;
			hasScannedForEncodings = 0;
			knownRegions = (
				en,
				Base,
			);
			mainGroup = 9416186920D58102002FBB2A;
			productRefGroup = 9416187320D58102002FBB2A /* Products */;
			projectDirPath = "";
			projectRoot = "";
			targets = (
				9416187120D58102002FBB2A /* Count Up */,
				9416188520D58103002FBB2A /* Count UpTests */,
				9416189020D58103002FBB2A /* Count UpUITests */,
			);
		};
/* End PBXProject section */

/* Begin PBXResourcesBuildPhase section */
		9416187020D58102002FBB2A /* Resources */ = {
			isa = PBXResourcesBuildPhase;
			buildActionMask = 2147483647;
			files = (
				94817B9D2102A60800020C56 /* count up theme.m4a in Resources */,
				943553FD2102BB740077F905 /* points.mp3 in Resources */,
				9416188020D58103002FBB2A /* LaunchScreen.storyboard in Resources */,
				940F02F320DC780900D29894 /* home.png in Resources */,
				942C2DAA2103858300806EBD /* arrow.png in Resources */,
				94817B9F2102A66000020C56 /* count up intro.m4a in Resources */,
				940F02F120DC714700D29894 /* play.png in Resources */,
				9416187D20D58103002FBB2A /* Assets.xcassets in Resources */,
				9416187B20D58102002FBB2A /* Main.storyboard in Resources */,
			);
			runOnlyForDeploymentPostprocessing = 0;
		};
		9416188420D58103002FBB2A /* Resources */ = {
			isa = PBXResourcesBuildPhase;
			buildActionMask = 2147483647;
			files = (
			);
			runOnlyForDeploymentPostprocessing = 0;
		};
		9416188F20D58103002FBB2A /* Resources */ = {
			isa = PBXResourcesBuildPhase;
			buildActionMask = 2147483647;
			files = (
			);
			runOnlyForDeploymentPostprocessing = 0;
		};
/* End PBXResourcesBuildPhase section */

/* Begin PBXSourcesBuildPhase section */
		9416186E20D58102002FBB2A /* Sources */ = {
			isa = PBXSourcesBuildPhase;
			buildActionMask = 2147483647;
			files = (
				9416187820D58102002FBB2A /* ViewController.swift in Sources */,
				9416187620D58102002FBB2A /* AppDelegate.swift in Sources */,
			);
			runOnlyForDeploymentPostprocessing = 0;
		};
		9416188220D58103002FBB2A /* Sources */ = {
			isa = PBXSourcesBuildPhase;
			buildActionMask = 2147483647;
			files = (
				9416188B20D58103002FBB2A /* Count_UpTests.swift in Sources */,
			);
			runOnlyForDeploymentPostprocessing = 0;
		};
		9416188D20D58103002FBB2A /* Sources */ = {
			isa = PBXSourcesBuildPhase;
			buildActionMask = 2147483647;
			files = (
				9416189620D58103002FBB2A /* Count_UpUITests.swift in Sources */,
			);
			runOnlyForDeploymentPostprocessing = 0;
		};
/* End PBXSourcesBuildPhase section */

/* Begin PBXTargetDependency section */
		9416188820D58103002FBB2A /* PBXTargetDependency */ = {
			isa = PBXTargetDependency;
			target = 9416187120D58102002FBB2A /* Count Up */;
			targetProxy = 9416188720D58103002FBB2A /* PBXContainerItemProxy */;
		};
		9416189320D58103002FBB2A /* PBXTargetDependency */ = {
			isa = PBXTargetDependency;
			target = 9416187120D58102002FBB2A /* Count Up */;
			targetProxy = 9416189220D58103002FBB2A /* PBXContainerItemProxy */;
		};
/* End PBXTargetDependency section */

/* Begin PBXVariantGroup section */
		9416187920D58102002FBB2A /* Main.storyboard */ = {
			isa = PBXVariantGroup;
			children = (
				9416187A20D58102002FBB2A /* Base */,
			);
			name = Main.storyboard;
			sourceTree = "<group>";
		};
		9416187E20D58103002FBB2A /* LaunchScreen.storyboard */ = {
			isa = PBXVariantGroup;
			children = (
				9416187F20D58103002FBB2A /* Base */,
			);
			name = LaunchScreen.storyboard;
			sourceTree = "<group>";
		};
/* End PBXVariantGroup section */

/* Begin XCBuildConfiguration section */
		9416189820D58104002FBB2A /* Debug */ = {
			isa = XCBuildConfiguration;
			buildSettings = {
				ALWAYS_SEARCH_USER_PATHS = NO;
				CLANG_ANALYZER_NONNULL = YES;
				CLANG_ANALYZER_NUMBER_OBJECT_CONVERSION = YES_AGGRESSIVE;
				CLANG_CXX_LANGUAGE_STANDARD = "gnu++14";
				CLANG_CXX_LIBRARY = "libc++";
				CLANG_ENABLE_MODULES = YES;
				CLANG_ENABLE_OBJC_ARC = YES;
				CLANG_ENABLE_OBJC_WEAK = YES;
				CLANG_WARN_BLOCK_CAPTURE_AUTORELEASING = YES;
				CLANG_WARN_BOOL_CONVERSION = YES;
				CLANG_WARN_COMMA = YES;
				CLANG_WARN_CONSTANT_CONVERSION = YES;
				CLANG_WARN_DEPRECATED_OBJC_IMPLEMENTATIONS = YES;
				CLANG_WARN_DIRECT_OBJC_ISA_USAGE = YES_ERROR;
				CLANG_WARN_DOCUMENTATION_COMMENTS = YES;
				CLANG_WARN_EMPTY_BODY = YES;
				CLANG_WARN_ENUM_CONVERSION = YES;
				CLANG_WARN_INFINITE_RECURSION = YES;
				CLANG_WARN_INT_CONVERSION = YES;
				CLANG_WARN_NON_LITERAL_NULL_CONVERSION = YES;
				CLANG_WARN_OBJC_IMPLICIT_RETAIN_SELF = YES;
				CLANG_WARN_OBJC_LITERAL_CONVERSION = YES;
				CLANG_WARN_OBJC_ROOT_CLASS = YES_ERROR;
				CLANG_WARN_RANGE_LOOP_ANALYSIS = YES;
				CLANG_WARN_STRICT_PROTOTYPES = YES;
				CLANG_WARN_SUSPICIOUS_MOVE = YES;
				CLANG_WARN_UNGUARDED_AVAILABILITY = YES_AGGRESSIVE;
				CLANG_WARN_UNREACHABLE_CODE = YES;
				CLANG_WARN__DUPLICATE_METHOD_MATCH = YES;
				CODE_SIGN_IDENTITY = "iPhone Developer";
				COPY_PHASE_STRIP = NO;
				DEBUG_INFORMATION_FORMAT = dwarf;
				ENABLE_STRICT_OBJC_MSGSEND = YES;
				ENABLE_TESTABILITY = YES;
				GCC_C_LANGUAGE_STANDARD = gnu11;
				GCC_DYNAMIC_NO_PIC = NO;
				GCC_NO_COMMON_BLOCKS = YES;
				GCC_OPTIMIZATION_LEVEL = 0;
				GCC_PREPROCESSOR_DEFINITIONS = (
					"DEBUG=1",
					"$(inherited)",
				);
				GCC_WARN_64_TO_32_BIT_CONVERSION = YES;
				GCC_WARN_ABOUT_RETURN_TYPE = YES_ERROR;
				GCC_WARN_UNDECLARED_SELECTOR = YES;
				GCC_WARN_UNINITIALIZED_AUTOS = YES_AGGRESSIVE;
				GCC_WARN_UNUSED_FUNCTION = YES;
				GCC_WARN_UNUSED_VARIABLE = YES;
				IPHONEOS_DEPLOYMENT_TARGET = 11.4;
				MTL_ENABLE_DEBUG_INFO = YES;
				ONLY_ACTIVE_ARCH = YES;
				SDKROOT = iphoneos;
				SWIFT_ACTIVE_COMPILATION_CONDITIONS = DEBUG;
				SWIFT_OPTIMIZATION_LEVEL = "-Onone";
			};
			name = Debug;
		};
		9416189920D58104002FBB2A /* Release */ = {
			isa = XCBuildConfiguration;
			buildSettings = {
				ALWAYS_SEARCH_USER_PATHS = NO;
				CLANG_ANALYZER_NONNULL = YES;
				CLANG_ANALYZER_NUMBER_OBJECT_CONVERSION = YES_AGGRESSIVE;
				CLANG_CXX_LANGUAGE_STANDARD = "gnu++14";
				CLANG_CXX_LIBRARY = "libc++";
				CLANG_ENABLE_MODULES = YES;
				CLANG_ENABLE_OBJC_ARC = YES;
				CLANG_ENABLE_OBJC_WEAK = YES;
				CLANG_WARN_BLOCK_CAPTURE_AUTORELEASING = YES;
				CLANG_WARN_BOOL_CONVERSION = YES;
				CLANG_WARN_COMMA = YES;
				CLANG_WARN_CONSTANT_CONVERSION = YES;
				CLANG_WARN_DEPRECATED_OBJC_IMPLEMENTATIONS = YES;
				CLANG_WARN_DIRECT_OBJC_ISA_USAGE = YES_ERROR;
				CLANG_WARN_DOCUMENTATION_COMMENTS = YES;
				CLANG_WARN_EMPTY_BODY = YES;
				CLANG_WARN_ENUM_CONVERSION = YES;
				CLANG_WARN_INFINITE_RECURSION = YES;
				CLANG_WARN_INT_CONVERSION = YES;
				CLANG_WARN_NON_LITERAL_NULL_CONVERSION = YES;
				CLANG_WARN_OBJC_IMPLICIT_RETAIN_SELF = YES;
				CLANG_WARN_OBJC_LITERAL_CONVERSION = YES;
				CLANG_WARN_OBJC_ROOT_CLASS = YES_ERROR;
				CLANG_WARN_RANGE_LOOP_ANALYSIS = YES;
				CLANG_WARN_STRICT_PROTOTYPES = YES;
				CLANG_WARN_SUSPICIOUS_MOVE = YES;
				CLANG_WARN_UNGUARDED_AVAILABILITY = YES_AGGRESSIVE;
				CLANG_WARN_UNREACHABLE_CODE = YES;
				CLANG_WARN__DUPLICATE_METHOD_MATCH = YES;
				CODE_SIGN_IDENTITY = "iPhone Developer";
				COPY_PHASE_STRIP = NO;
				DEBUG_INFORMATION_FORMAT = "dwarf-with-dsym";
				ENABLE_NS_ASSERTIONS = NO;
				ENABLE_STRICT_OBJC_MSGSEND = YES;
				GCC_C_LANGUAGE_STANDARD = gnu11;
				GCC_NO_COMMON_BLOCKS = YES;
				GCC_WARN_64_TO_32_BIT_CONVERSION = YES;
				GCC_WARN_ABOUT_RETURN_TYPE = YES_ERROR;
				GCC_WARN_UNDECLARED_SELECTOR = YES;
				GCC_WARN_UNINITIALIZED_AUTOS = YES_AGGRESSIVE;
				GCC_WARN_UNUSED_FUNCTION = YES;
				GCC_WARN_UNUSED_VARIABLE = YES;
				IPHONEOS_DEPLOYMENT_TARGET = 11.4;
				MTL_ENABLE_DEBUG_INFO = NO;
				SDKROOT = iphoneos;
				SWIFT_COMPILATION_MODE = wholemodule;
				SWIFT_OPTIMIZATION_LEVEL = "-O";
				VALIDATE_PRODUCT = YES;
			};
			name = Release;
		};
		9416189B20D58104002FBB2A /* Debug */ = {
			isa = XCBuildConfiguration;
			buildSettings = {
				ASSETCATALOG_COMPILER_APPICON_NAME = AppIcon;
				CODE_SIGN_STYLE = Automatic;
				DEVELOPMENT_TEAM = L3ALXAV73V;
				INFOPLIST_FILE = "Count Up/Info.plist";
				LD_RUNPATH_SEARCH_PATHS = (
					"$(inherited)",
					"@executable_path/Frameworks",
				);
				PRODUCT_BUNDLE_IDENTIFIER = "SethcoRavi-Seth.Count-Up";
				PRODUCT_NAME = "$(TARGET_NAME)";
				SWIFT_VERSION = 4.0;
				TARGETED_DEVICE_FAMILY = "1,2";
			};
			name = Debug;
		};
		9416189C20D58104002FBB2A /* Release */ = {
			isa = XCBuildConfiguration;
			buildSettings = {
				ASSETCATALOG_COMPILER_APPICON_NAME = AppIcon;
				CODE_SIGN_STYLE = Automatic;
				DEVELOPMENT_TEAM = L3ALXAV73V;
				INFOPLIST_FILE = "Count Up/Info.plist";
				LD_RUNPATH_SEARCH_PATHS = (
					"$(inherited)",
					"@executable_path/Frameworks",
				);
				PRODUCT_BUNDLE_IDENTIFIER = "SethcoRavi-Seth.Count-Up";
				PRODUCT_NAME = "$(TARGET_NAME)";
				SWIFT_VERSION = 4.0;
				TARGETED_DEVICE_FAMILY = "1,2";
			};
			name = Release;
		};
		9416189E20D58104002FBB2A /* Debug */ = {
			isa = XCBuildConfiguration;
			buildSettings = {
				ALWAYS_EMBED_SWIFT_STANDARD_LIBRARIES = YES;
				BUNDLE_LOADER = "$(TEST_HOST)";
				CODE_SIGN_STYLE = Automatic;
				INFOPLIST_FILE = "Count UpTests/Info.plist";
				LD_RUNPATH_SEARCH_PATHS = (
					"$(inherited)",
					"@executable_path/Frameworks",
					"@loader_path/Frameworks",
				);
				PRODUCT_BUNDLE_IDENTIFIER = "SethcoRavi-Seth.Count-UpTests";
				PRODUCT_NAME = "$(TARGET_NAME)";
				SWIFT_VERSION = 4.0;
				TARGETED_DEVICE_FAMILY = "1,2";
				TEST_HOST = "$(BUILT_PRODUCTS_DIR)/Count Up.app/Count Up";
			};
			name = Debug;
		};
		9416189F20D58104002FBB2A /* Release */ = {
			isa = XCBuildConfiguration;
			buildSettings = {
				ALWAYS_EMBED_SWIFT_STANDARD_LIBRARIES = YES;
				BUNDLE_LOADER = "$(TEST_HOST)";
				CODE_SIGN_STYLE = Automatic;
				INFOPLIST_FILE = "Count UpTests/Info.plist";
				LD_RUNPATH_SEARCH_PATHS = (
					"$(inherited)",
					"@executable_path/Frameworks",
					"@loader_path/Frameworks",
				);
				PRODUCT_BUNDLE_IDENTIFIER = "SethcoRavi-Seth.Count-UpTests";
				PRODUCT_NAME = "$(TARGET_NAME)";
				SWIFT_VERSION = 4.0;
				TARGETED_DEVICE_FAMILY = "1,2";
				TEST_HOST = "$(BUILT_PRODUCTS_DIR)/Count Up.app/Count Up";
			};
			name = Release;
		};
		941618A120D58104002FBB2A /* Debug */ = {
			isa = XCBuildConfiguration;
			buildSettings = {
				ALWAYS_EMBED_SWIFT_STANDARD_LIBRARIES = YES;
				CODE_SIGN_STYLE = Automatic;
				INFOPLIST_FILE = "Count UpUITests/Info.plist";
				LD_RUNPATH_SEARCH_PATHS = (
					"$(inherited)",
					"@executable_path/Frameworks",
					"@loader_path/Frameworks",
				);
				PRODUCT_BUNDLE_IDENTIFIER = "SethcoRavi-Seth.Count-UpUITests";
				PRODUCT_NAME = "$(TARGET_NAME)";
				SWIFT_VERSION = 4.0;
				TARGETED_DEVICE_FAMILY = "1,2";
				TEST_TARGET_NAME = "Count Up";
			};
			name = Debug;
		};
		941618A220D58104002FBB2A /* Release */ = {
			isa = XCBuildConfiguration;
			buildSettings = {
				ALWAYS_EMBED_SWIFT_STANDARD_LIBRARIES = YES;
				CODE_SIGN_STYLE = Automatic;
				INFOPLIST_FILE = "Count UpUITests/Info.plist";
				LD_RUNPATH_SEARCH_PATHS = (
					"$(inherited)",
					"@executable_path/Frameworks",
					"@loader_path/Frameworks",
				);
				PRODUCT_BUNDLE_IDENTIFIER = "SethcoRavi-Seth.Count-UpUITests";
				PRODUCT_NAME = "$(TARGET_NAME)";
				SWIFT_VERSION = 4.0;
				TARGETED_DEVICE_FAMILY = "1,2";
				TEST_TARGET_NAME = "Count Up";
			};
			name = Release;
		};
/* End XCBuildConfiguration section */

/* Begin XCConfigurationList section */
		9416186D20D58102002FBB2A /* Build configuration list for PBXProject "Count Up" */ = {
			isa = XCConfigurationList;
			buildConfigurations = (
				9416189820D58104002FBB2A /* Debug */,
				9416189920D58104002FBB2A /* Release */,
			);
			defaultConfigurationIsVisible = 0;
			defaultConfigurationName = Release;
		};
		9416189A20D58104002FBB2A /* Build configuration list for PBXNativeTarget "Count Up" */ = {
			isa = XCConfigurationList;
			buildConfigurations = (
				9416189B20D58104002FBB2A /* Debug */,
				9416189C20D58104002FBB2A /* Release */,
			);
			defaultConfigurationIsVisible = 0;
			defaultConfigurationName = Release;
		};
		9416189D20D58104002FBB2A /* Build configuration list for PBXNativeTarget "Count UpTests" */ = {
			isa = XCConfigurationList;
			buildConfigurations = (
				9416189E20D58104002FBB2A /* Debug */,
				9416189F20D58104002FBB2A /* Release */,
			);
			defaultConfigurationIsVisible = 0;
			defaultConfigurationName = Release;
		};
		941618A020D58104002FBB2A /* Build configuration list for PBXNativeTarget "Count UpUITests" */ = {
			isa = XCConfigurationList;
			buildConfigurations = (
				941618A120D58104002FBB2A /* Debug */,
				941618A220D58104002FBB2A /* Release */,
			);
			defaultConfigurationIsVisible = 0;
			defaultConfigurationName = Release;
		};
/* End XCConfigurationList section */
	};
	rootObject = 9416186A20D58102002FBB2A /* Project object */;
}
